
Microsoft Visual Studio Solution File, Format Version 12.00
# Visual Studio 15
VisualStudioVersion = 15.0.27703.2042
MinimumVisualStudioVersion = 10.0.40219.1
Project("{8BC9CEB8-8B4A-11D0-8D11-00A0C91BC942}") = "handmadehero", "handmadehero.vcxproj", "{E9B6F3C8-A448-43A7-9C06-E39362091112}"
EndProject
Global
	GlobalSection(SolutionConfigurationPlatforms) = preSolution
		Debug|x64 = Debug|x64
		Debug|x86 = Debug|x86
		Release|x64 = Release|x64
		Release|x86 = Release|x86
	EndGlobalSection
	GlobalSection(ProjectConfigurationPlatforms) = postSolution
		{E9B6F3C8-A448-43A7-9C06-E39362091112}.Debug|x64.ActiveCfg = Debug|x64
		{E9B6F3C8-A448-43A7-9C06-E39362091112}.Debug|x64.Build.0 = Debug|x64
		{E9B6F3C8-A448-43A7-9C06-E39362091112}.Debug|x86.ActiveCfg = Debug|Win32
		{E9B6F3C8-A448-43A7-9C06-E39362091112}.Debug|x86.Build.0 = Debug|Win32
		{E9B6F3C8-A448-43A7-9C06-E39362091112}.Release|x64.ActiveCfg = Release|x64
		{E9B6F3C8-A448-43A7-9C06-E39362091112}.Release|x64.Build.0 = Release|x64
		{E9B6F3C8-A448-43A7-9C06-E39362091112}.Release|x86.ActiveCfg = Release|Win32
		{E9B6F3C8-A448-43A7-9C06-E39362091112}.Release|x86.Build.0 = Release|Win32
	EndGlobalSection
	GlobalSection(SolutionProperties) = preSolution
		HideSolutionNode = FALSE
	EndGlobalSection
	GlobalSection(ExtensibilityGlobals) = postSolution
		SolutionGuid = {2BB99D4E-A494-40F9-BB04-61F279567F1A}
	EndGlobalSection
EndGlobal
